
Microsoft Visual Studio Solution File, Format Version 12.00
# Visual Studio 15
VisualStudioVersion = 15.0.28307.421
MinimumVisualStudioVersion = 10.0.40219.1
Project("{FAE04EC0-301F-11D3-BF4B-00C04F79EFBC}") = "EMS.Utility", "EMS.Utility\EMS.Utility.csproj", "{BDD647E6-613C-4CDA-BD47-06142AB222D6}"
EndProject
Project("{FAE04EC0-301F-11D3-BF4B-00C04F79EFBC}") = "EMS.Common", "EMS.Common\EMS.Common.csproj", "{7E81DD9C-DE5F-441C-957F-82E488776C2F}"
EndProject
Project("{FAE04EC0-301F-11D3-BF4B-00C04F79EFBC}") = "AdminLteAspNetCoreMVC1", "AdminLteAspNetCoreMVC1\AdminLteAspNetCoreMVC1.csproj", "{A45311C5-9F8B-48AB-BC69-48D6694F1013}"
EndProject
Project("{FAE04EC0-301F-11D3-BF4B-00C04F79EFBC}") = "EMS.Model", "EMS.Model\EMS.Model.csproj", "{DAE775ED-D024-4708-BBA1-ABD0E841C423}"
EndProject
Project("{FAE04EC0-301F-11D3-BF4B-00C04F79EFBC}") = "EMS.DataProvider", "EMS.DataProvider\EMS.DataProvider.csproj", "{187D6D87-B65D-4466-AF10-F82DD5D58D0B}"
EndProject
Project("{FAE04EC0-301F-11D3-BF4B-00C04F79EFBC}") = "EMS.BL", "EMS.BL\EMS.BL.csproj", "{9F8DC3DE-99AB-433F-9C91-E77F4E95F979}"
EndProject
Project("{FAE04EC0-301F-11D3-BF4B-00C04F79EFBC}") = "EMS.GlobalResources", "EMS.GlobalResources\EMS.GlobalResources.csproj", "{A2F49743-724F-4B8A-B069-F147210FCE88}"
EndProject
Global
	GlobalSection(SolutionConfigurationPlatforms) = preSolution
		Debug|Any CPU = Debug|Any CPU
		Release|Any CPU = Release|Any CPU
	EndGlobalSection
	GlobalSection(ProjectConfigurationPlatforms) = postSolution
		{BDD647E6-613C-4CDA-BD47-06142AB222D6}.Debug|Any CPU.ActiveCfg = Debug|Any CPU
		{BDD647E6-613C-4CDA-BD47-06142AB222D6}.Debug|Any CPU.Build.0 = Debug|Any CPU
		{BDD647E6-613C-4CDA-BD47-06142AB222D6}.Release|Any CPU.ActiveCfg = Release|Any CPU
		{BDD647E6-613C-4CDA-BD47-06142AB222D6}.Release|Any CPU.Build.0 = Release|Any CPU
		{7E81DD9C-DE5F-441C-957F-82E488776C2F}.Debug|Any CPU.ActiveCfg = Debug|Any CPU
		{7E81DD9C-DE5F-441C-957F-82E488776C2F}.Debug|Any CPU.Build.0 = Debug|Any CPU
		{7E81DD9C-DE5F-441C-957F-82E488776C2F}.Release|Any CPU.ActiveCfg = Release|Any CPU
		{7E81DD9C-DE5F-441C-957F-82E488776C2F}.Release|Any CPU.Build.0 = Release|Any CPU
		{A45311C5-9F8B-48AB-BC69-48D6694F1013}.Debug|Any CPU.ActiveCfg = Debug|Any CPU
		{A45311C5-9F8B-48AB-BC69-48D6694F1013}.Debug|Any CPU.Build.0 = Debug|Any CPU
		{A45311C5-9F8B-48AB-BC69-48D6694F1013}.Release|Any CPU.ActiveCfg = Release|Any CPU
		{A45311C5-9F8B-48AB-BC69-48D6694F1013}.Release|Any CPU.Build.0 = Release|Any CPU
		{DAE775ED-D024-4708-BBA1-ABD0E841C423}.Debug|Any CPU.ActiveCfg = Debug|Any CPU
		{DAE775ED-D024-4708-BBA1-ABD0E841C423}.Debug|Any CPU.Build.0 = Debug|Any CPU
		{DAE775ED-D024-4708-BBA1-ABD0E841C423}.Release|Any CPU.ActiveCfg = Release|Any CPU
		{DAE775ED-D024-4708-BBA1-ABD0E841C423}.Release|Any CPU.Build.0 = Release|Any CPU
		{187D6D87-B65D-4466-AF10-F82DD5D58D0B}.Debug|Any CPU.ActiveCfg = Debug|Any CPU
		{187D6D87-B65D-4466-AF10-F82DD5D58D0B}.Debug|Any CPU.Build.0 = Debug|Any CPU
		{187D6D87-B65D-4466-AF10-F82DD5D58D0B}.Release|Any CPU.ActiveCfg = Release|Any CPU
		{187D6D87-B65D-4466-AF10-F82DD5D58D0B}.Release|Any CPU.Build.0 = Release|Any CPU
		{9F8DC3DE-99AB-433F-9C91-E77F4E95F979}.Debug|Any CPU.ActiveCfg = Debug|Any CPU
		{9F8DC3DE-99AB-433F-9C91-E77F4E95F979}.Debug|Any CPU.Build.0 = Debug|Any CPU
		{9F8DC3DE-99AB-433F-9C91-E77F4E95F979}.Release|Any CPU.ActiveCfg = Release|Any CPU
		{9F8DC3DE-99AB-433F-9C91-E77F4E95F979}.Release|Any CPU.Build.0 = Release|Any CPU
		{A2F49743-724F-4B8A-B069-F147210FCE88}.Debug|Any CPU.ActiveCfg = Debug|Any CPU
		{A2F49743-724F-4B8A-B069-F147210FCE88}.Debug|Any CPU.Build.0 = Debug|Any CPU
		{A2F49743-724F-4B8A-B069-F147210FCE88}.Release|Any CPU.ActiveCfg = Release|Any CPU
		{A2F49743-724F-4B8A-B069-F147210FCE88}.Release|Any CPU.Build.0 = Release|Any CPU
	EndGlobalSection
	GlobalSection(SolutionProperties) = preSolution
		HideSolutionNode = FALSE
	EndGlobalSection
	GlobalSection(ExtensibilityGlobals) = postSolution
		SolutionGuid = {230E47C3-E16B-4968-883D-4FFB3DE2D482}
	EndGlobalSection
EndGlobal
