
Microsoft Visual Studio Solution File, Format Version 12.00
# Visual Studio 15
VisualStudioVersion = 15.0.26430.13
MinimumVisualStudioVersion = 10.0.40219.1
Project("{FAE04EC0-301F-11D3-BF4B-00C04F79EFBC}") = "AjaxCallRestWebApi1", "AjaxCallRestWebApi1\AjaxCallRestWebApi1.csproj", "{269D3660-DE08-4444-B71D-7C6536CA3342}"
EndProject
Project("{FAE04EC0-301F-11D3-BF4B-00C04F79EFBC}") = "AjaxCallRestWebApi1.Tester", "AjaxCallRestWebApi1.Tester\AjaxCallRestWebApi1.Tester.csproj", "{E30FB67D-0939-4554-A73D-F97271A44B8D}"
EndProject
Project("{FAE04EC0-301F-11D3-BF4B-00C04F79EFBC}") = "WebApiClientTest", "WebApiClientTest\WebApiClientTest.csproj", "{DA9C909E-747C-40E5-BDD7-4E202235FF59}"
EndProject
Project("{FAE04EC0-301F-11D3-BF4B-00C04F79EFBC}") = "BootstrapLeftMenu1", "BootstrapLeftMenu1\BootstrapLeftMenu1.csproj", "{72CA8FF1-D36A-4BC4-AF90-827E13B1D1AA}"
EndProject
Global
	GlobalSection(SolutionConfigurationPlatforms) = preSolution
		Debug|Any CPU = Debug|Any CPU
		Release|Any CPU = Release|Any CPU
	EndGlobalSection
	GlobalSection(ProjectConfigurationPlatforms) = postSolution
		{269D3660-DE08-4444-B71D-7C6536CA3342}.Debug|Any CPU.ActiveCfg = Debug|Any CPU
		{269D3660-DE08-4444-B71D-7C6536CA3342}.Debug|Any CPU.Build.0 = Debug|Any CPU
		{269D3660-DE08-4444-B71D-7C6536CA3342}.Release|Any CPU.ActiveCfg = Release|Any CPU
		{269D3660-DE08-4444-B71D-7C6536CA3342}.Release|Any CPU.Build.0 = Release|Any CPU
		{E30FB67D-0939-4554-A73D-F97271A44B8D}.Debug|Any CPU.ActiveCfg = Debug|Any CPU
		{E30FB67D-0939-4554-A73D-F97271A44B8D}.Release|Any CPU.ActiveCfg = Release|Any CPU
		{E30FB67D-0939-4554-A73D-F97271A44B8D}.Release|Any CPU.Build.0 = Release|Any CPU
		{DA9C909E-747C-40E5-BDD7-4E202235FF59}.Debug|Any CPU.ActiveCfg = Debug|Any CPU
		{DA9C909E-747C-40E5-BDD7-4E202235FF59}.Debug|Any CPU.Build.0 = Debug|Any CPU
		{DA9C909E-747C-40E5-BDD7-4E202235FF59}.Release|Any CPU.ActiveCfg = Release|Any CPU
		{DA9C909E-747C-40E5-BDD7-4E202235FF59}.Release|Any CPU.Build.0 = Release|Any CPU
		{72CA8FF1-D36A-4BC4-AF90-827E13B1D1AA}.Debug|Any CPU.ActiveCfg = Debug|Any CPU
		{72CA8FF1-D36A-4BC4-AF90-827E13B1D1AA}.Debug|Any CPU.Build.0 = Debug|Any CPU
		{72CA8FF1-D36A-4BC4-AF90-827E13B1D1AA}.Release|Any CPU.ActiveCfg = Release|Any CPU
		{72CA8FF1-D36A-4BC4-AF90-827E13B1D1AA}.Release|Any CPU.Build.0 = Release|Any CPU
	EndGlobalSection
	GlobalSection(SolutionProperties) = preSolution
		HideSolutionNode = FALSE
	EndGlobalSection
	GlobalSection(ExtensibilityGlobals) = postSolution
		SolutionGuid = {6092185F-CE26-4B3F-80EC-86C52840B3F3}
	EndGlobalSection
EndGlobal
